// !$*UTF8*$!
{
	archiveVersion = 1;
	classes = {
	};
	objectVersion = 50;
	objects = {

/* Begin PBXBuildFile section */
		317C264E22FAF7B10034EACE /* AppDelegate.m in Sources */ = {isa = PBXBuildFile; fileRef = 317C264D22FAF7B10034EACE /* AppDelegate.m */; };
		317C265122FAF7B10034EACE /* ViewController.m in Sources */ = {isa = PBXBuildFile; fileRef = 317C265022FAF7B10034EACE /* ViewController.m */; };
		317C265422FAF7B10034EACE /* Main.storyboard in Resources */ = {isa = PBXBuildFile; fileRef = 317C265222FAF7B10034EACE /* Main.storyboard */; };
		317C265622FAF7BD0034EACE /* Assets.xcassets in Resources */ = {isa = PBXBuildFile; fileRef = 317C265522FAF7BD0034EACE /* Assets.xcassets */; };
		317C265922FAF7BD0034EACE /* LaunchScreen.storyboard in Resources */ = {isa = PBXBuildFile; fileRef = 317C265722FAF7BD0034EACE /* LaunchScreen.storyboard */; };
		317C265C22FAF7BD0034EACE /* main.m in Sources */ = {isa = PBXBuildFile; fileRef = 317C265B22FAF7BD0034EACE /* main.m */; };
		317C266622FAFA7E0034EACE /* SearchDestinationVC.m in Sources */ = {isa = PBXBuildFile; fileRef = 317C266322FAFA7D0034EACE /* SearchDestinationVC.m */; };
		317C266722FAFA7E0034EACE /* SearchDestinationTVC.m in Sources */ = {isa = PBXBuildFile; fileRef = 317C266422FAFA7D0034EACE /* SearchDestinationTVC.m */; };
		317C267522FB01980034EACE /* MapItemModalClass.m in Sources */ = {isa = PBXBuildFile; fileRef = 317C267422FB01980034EACE /* MapItemModalClass.m */; };
/* End PBXBuildFile section */

/* Begin PBXFileReference section */
		317C264922FAF7B10034EACE /* MapTask.app */ = {isa = PBXFileReference; explicitFileType = wrapper.application; includeInIndex = 0; path = MapTask.app; sourceTree = BUILT_PRODUCTS_DIR; };
		317C264C22FAF7B10034EACE /* AppDelegate.h */ = {isa = PBXFileReference; lastKnownFileType = sourcecode.c.h; path = AppDelegate.h; sourceTree = "<group>"; };
		317C264D22FAF7B10034EACE /* AppDelegate.m */ = {isa = PBXFileReference; lastKnownFileType = sourcecode.c.objc; path = AppDelegate.m; sourceTree = "<group>"; };
		317C264F22FAF7B10034EACE /* ViewController.h */ = {isa = PBXFileReference; lastKnownFileType = sourcecode.c.h; path = ViewController.h; sourceTree = "<group>"; };
		317C265022FAF7B10034EACE /* ViewController.m */ = {isa = PBXFileReference; lastKnownFileType = sourcecode.c.objc; path = ViewController.m; sourceTree = "<group>"; };
		317C265322FAF7B10034EACE /* Base */ = {isa = PBXFileReference; lastKnownFileType = file.storyboard; name = Base; path = Base.lproj/Main.storyboard; sourceTree = "<group>"; };
		317C265522FAF7BD0034EACE /* Assets.xcassets */ = {isa = PBXFileReference; lastKnownFileType = folder.assetcatalog; path = Assets.xcassets; sourceTree = "<group>"; };
		317C265822FAF7BD0034EACE /* Base */ = {isa = PBXFileReference; lastKnownFileType = file.storyboard; name = Base; path = Base.lproj/LaunchScreen.storyboard; sourceTree = "<group>"; };
		317C265A22FAF7BD0034EACE /* Info.plist */ = {isa = PBXFileReference; lastKnownFileType = text.plist.xml; path = Info.plist; sourceTree = "<group>"; };
		317C265B22FAF7BD0034EACE /* main.m */ = {isa = PBXFileReference; lastKnownFileType = sourcecode.c.objc; path = main.m; sourceTree = "<group>"; };
		317C266222FAFA7D0034EACE /* SearchDestinationTVC.h */ = {isa = PBXFileReference; fileEncoding = 4; lastKnownFileType = sourcecode.c.h; path = SearchDestinationTVC.h; sourceTree = "<group>"; };
		317C266322FAFA7D0034EACE /* SearchDestinationVC.m */ = {isa = PBXFileReference; fileEncoding = 4; lastKnownFileType = sourcecode.c.objc; path = SearchDestinationVC.m; sourceTree = "<group>"; };
		317C266422FAFA7D0034EACE /* SearchDestinationTVC.m */ = {isa = PBXFileReference; fileEncoding = 4; lastKnownFileType = sourcecode.c.objc; path = SearchDestinationTVC.m; sourceTree = "<group>"; };
		317C266522FAFA7D0034EACE /* SearchDestinationVC.h */ = {isa = PBXFileReference; fileEncoding = 4; lastKnownFileType = sourcecode.c.h; path = SearchDestinationVC.h; sourceTree = "<group>"; };
		317C267322FB01980034EACE /* MapItemModalClass.h */ = {isa = PBXFileReference; fileEncoding = 4; lastKnownFileType = sourcecode.c.h; path = MapItemModalClass.h; sourceTree = "<group>"; };
		317C267422FB01980034EACE /* MapItemModalClass.m */ = {isa = PBXFileReference; fileEncoding = 4; lastKnownFileType = sourcecode.c.objc; path = MapItemModalClass.m; sourceTree = "<group>"; };
/* End PBXFileReference section */

/* Begin PBXFrameworksBuildPhase section */
		317C264622FAF7B10034EACE /* Frameworks */ = {
			isa = PBXFrameworksBuildPhase;
			buildActionMask = 2147483647;
			files = (
			);
			runOnlyForDeploymentPostprocessing = 0;
		};
/* End PBXFrameworksBuildPhase section */

/* Begin PBXGroup section */
		317C264022FAF7B10034EACE = {
			isa = PBXGroup;
			children = (
				317C264B22FAF7B10034EACE /* MapTask */,
				317C264A22FAF7B10034EACE /* Products */,
			);
			sourceTree = "<group>";
		};
		317C264A22FAF7B10034EACE /* Products */ = {
			isa = PBXGroup;
			children = (
				317C264922FAF7B10034EACE /* MapTask.app */,
			);
			name = Products;
			sourceTree = "<group>";
		};
		317C264B22FAF7B10034EACE /* MapTask */ = {
			isa = PBXGroup;
			children = (
				317C267922FB02190034EACE /* MapViewController */,
				317C267822FB01FF0034EACE /* SearchDestination */,
				317C267722FB01F20034EACE /* CustomCell */,
				317C267222FB017E0034EACE /* ModalClass */,
				317C267122FB016D0034EACE /* AppDelegate */,
				317C265222FAF7B10034EACE /* Main.storyboard */,
				317C265522FAF7BD0034EACE /* Assets.xcassets */,
				317C265722FAF7BD0034EACE /* LaunchScreen.storyboard */,
				317C265A22FAF7BD0034EACE /* Info.plist */,
				317C265B22FAF7BD0034EACE /* main.m */,
			);
			path = MapTask;
			sourceTree = "<group>";
		};
		317C267122FB016D0034EACE /* AppDelegate */ = {
			isa = PBXGroup;
			children = (
				317C264C22FAF7B10034EACE /* AppDelegate.h */,
				317C264D22FAF7B10034EACE /* AppDelegate.m */,
			);
			path = AppDelegate;
			sourceTree = "<group>";
		};
		317C267222FB017E0034EACE /* ModalClass */ = {
			isa = PBXGroup;
			children = (
				317C267322FB01980034EACE /* MapItemModalClass.h */,
				317C267422FB01980034EACE /* MapItemModalClass.m */,
			);
			name = ModalClass;
			sourceTree = "<group>";
		};
		317C267722FB01F20034EACE /* CustomCell */ = {
			isa = PBXGroup;
			children = (
				317C266222FAFA7D0034EACE /* SearchDestinationTVC.h */,
				317C266422FAFA7D0034EACE /* SearchDestinationTVC.m */,
			);
			path = CustomCell;
			sourceTree = "<group>";
		};
		317C267822FB01FF0034EACE /* SearchDestination */ = {
			isa = PBXGroup;
			children = (
				317C266522FAFA7D0034EACE /* SearchDestinationVC.h */,
				317C266322FAFA7D0034EACE /* SearchDestinationVC.m */,
			);
			path = SearchDestination;
			sourceTree = "<group>";
		};
		317C267922FB02190034EACE /* MapViewController */ = {
			isa = PBXGroup;
			children = (
				317C264F22FAF7B10034EACE /* ViewController.h */,
				317C265022FAF7B10034EACE /* ViewController.m */,
			);
			path = MapViewController;
			sourceTree = "<group>";
		};
/* End PBXGroup section */

/* Begin PBXNativeTarget section */
		317C264822FAF7B10034EACE /* MapTask */ = {
			isa = PBXNativeTarget;
			buildConfigurationList = 317C265F22FAF7BD0034EACE /* Build configuration list for PBXNativeTarget "MapTask" */;
			buildPhases = (
				317C264522FAF7B10034EACE /* Sources */,
				317C264622FAF7B10034EACE /* Frameworks */,
				317C264722FAF7B10034EACE /* Resources */,
			);
			buildRules = (
			);
			dependencies = (
			);
			name = MapTask;
			productName = MapTask;
			productReference = 317C264922FAF7B10034EACE /* MapTask.app */;
			productType = "com.apple.product-type.application";
		};
/* End PBXNativeTarget section */

/* Begin PBXProject section */
		317C264122FAF7B10034EACE /* Project object */ = {
			isa = PBXProject;
			attributes = {
				LastUpgradeCheck = 1010;
				ORGANIZATIONNAME = "Agnitio Education";
				TargetAttributes = {
					317C264822FAF7B10034EACE = {
						CreatedOnToolsVersion = 10.1;
					};
				};
			};
			buildConfigurationList = 317C264422FAF7B10034EACE /* Build configuration list for PBXProject "MapTask" */;
			compatibilityVersion = "Xcode 9.3";
			developmentRegion = en;
			hasScannedForEncodings = 0;
			knownRegions = (
				en,
				Base,
			);
			mainGroup = 317C264022FAF7B10034EACE;
			productRefGroup = 317C264A22FAF7B10034EACE /* Products */;
			projectDirPath = "";
			projectRoot = "";
			targets = (
				317C264822FAF7B10034EACE /* MapTask */,
			);
		};
/* End PBXProject section */

/* Begin PBXResourcesBuildPhase section */
		317C264722FAF7B10034EACE /* Resources */ = {
			isa = PBXResourcesBuildPhase;
			buildActionMask = 2147483647;
			files = (
				317C265922FAF7BD0034EACE /* LaunchScreen.storyboard in Resources */,
				317C265622FAF7BD0034EACE /* Assets.xcassets in Resources */,
				317C265422FAF7B10034EACE /* Main.storyboard in Resources */,
			);
			runOnlyForDeploymentPostprocessing = 0;
		};
/* End PBXResourcesBuildPhase section */

/* Begin PBXSourcesBuildPhase section */
		317C264522FAF7B10034EACE /* Sources */ = {
			isa = PBXSourcesBuildPhase;
			buildActionMask = 2147483647;
			files = (
				317C267522FB01980034EACE /* MapItemModalClass.m in Sources */,
				317C265122FAF7B10034EACE /* ViewController.m in Sources */,
				317C266622FAFA7E0034EACE /* SearchDestinationVC.m in Sources */,
				317C265C22FAF7BD0034EACE /* main.m in Sources */,
				317C266722FAFA7E0034EACE /* SearchDestinationTVC.m in Sources */,
				317C264E22FAF7B10034EACE /* AppDelegate.m in Sources */,
			);
			runOnlyForDeploymentPostprocessing = 0;
		};
/* End PBXSourcesBuildPhase section */

/* Begin PBXVariantGroup section */
		317C265222FAF7B10034EACE /* Main.storyboard */ = {
			isa = PBXVariantGroup;
			children = (
				317C265322FAF7B10034EACE /* Base */,
			);
			name = Main.storyboard;
			sourceTree = "<group>";
		};
		317C265722FAF7BD0034EACE /* LaunchScreen.storyboard */ = {
			isa = PBXVariantGroup;
			children = (
				317C265822FAF7BD0034EACE /* Base */,
			);
			name = LaunchScreen.storyboard;
			sourceTree = "<group>";
		};
/* End PBXVariantGroup section */

/* Begin XCBuildConfiguration section */
		317C265D22FAF7BD0034EACE /* Debug */ = {
			isa = XCBuildConfiguration;
			buildSettings = {
				ALWAYS_SEARCH_USER_PATHS = NO;
				CLANG_ANALYZER_NONNULL = YES;
				CLANG_ANALYZER_NUMBER_OBJECT_CONVERSION = YES_AGGRESSIVE;
				CLANG_CXX_LANGUAGE_STANDARD = "gnu++14";
				CLANG_CXX_LIBRARY = "libc++";
				CLANG_ENABLE_MODULES = YES;
				CLANG_ENABLE_OBJC_ARC = YES;
				CLANG_ENABLE_OBJC_WEAK = YES;
				CLANG_WARN_BLOCK_CAPTURE_AUTORELEASING = YES;
				CLANG_WARN_BOOL_CONVERSION = YES;
				CLANG_WARN_COMMA = YES;
				CLANG_WARN_CONSTANT_CONVERSION = YES;
				CLANG_WARN_DEPRECATED_OBJC_IMPLEMENTATIONS = YES;
				CLANG_WARN_DIRECT_OBJC_ISA_USAGE = YES_ERROR;
				CLANG_WARN_DOCUMENTATION_COMMENTS = YES;
				CLANG_WARN_EMPTY_BODY = YES;
				CLANG_WARN_ENUM_CONVERSION = YES;
				CLANG_WARN_INFINITE_RECURSION = YES;
				CLANG_WARN_INT_CONVERSION = YES;
				CLANG_WARN_NON_LITERAL_NULL_CONVERSION = YES;
				CLANG_WARN_OBJC_IMPLICIT_RETAIN_SELF = YES;
				CLANG_WARN_OBJC_LITERAL_CONVERSION = YES;
				CLANG_WARN_OBJC_ROOT_CLASS = YES_ERROR;
				CLANG_WARN_RANGE_LOOP_ANALYSIS = YES;
				CLANG_WARN_STRICT_PROTOTYPES = YES;
				CLANG_WARN_SUSPICIOUS_MOVE = YES;
				CLANG_WARN_UNGUARDED_AVAILABILITY = YES_AGGRESSIVE;
				CLANG_WARN_UNREACHABLE_CODE = YES;
				CLANG_WARN__DUPLICATE_METHOD_MATCH = YES;
				CODE_SIGN_IDENTITY = "iPhone Developer";
				COPY_PHASE_STRIP = NO;
				DEBUG_INFORMATION_FORMAT = dwarf;
				ENABLE_STRICT_OBJC_MSGSEND = YES;
				ENABLE_TESTABILITY = YES;
				GCC_C_LANGUAGE_STANDARD = gnu11;
				GCC_DYNAMIC_NO_PIC = NO;
				GCC_NO_COMMON_BLOCKS = YES;
				GCC_OPTIMIZATION_LEVEL = 0;
				GCC_PREPROCESSOR_DEFINITIONS = (
					"DEBUG=1",
					"$(inherited)",
				);
				GCC_WARN_64_TO_32_BIT_CONVERSION = YES;
				GCC_WARN_ABOUT_RETURN_TYPE = YES_ERROR;
				GCC_WARN_UNDECLARED_SELECTOR = YES;
				GCC_WARN_UNINITIALIZED_AUTOS = YES_AGGRESSIVE;
				GCC_WARN_UNUSED_FUNCTION = YES;
				GCC_WARN_UNUSED_VARIABLE = YES;
				IPHONEOS_DEPLOYMENT_TARGET = 12.1;
				MTL_ENABLE_DEBUG_INFO = INCLUDE_SOURCE;
				MTL_FAST_MATH = YES;
				ONLY_ACTIVE_ARCH = YES;
				SDKROOT = iphoneos;
			};
			name = Debug;
		};
		317C265E22FAF7BD0034EACE /* Release */ = {
			isa = XCBuildConfiguration;
			buildSettings = {
				ALWAYS_SEARCH_USER_PATHS = NO;
				CLANG_ANALYZER_NONNULL = YES;
				CLANG_ANALYZER_NUMBER_OBJECT_CONVERSION = YES_AGGRESSIVE;
				CLANG_CXX_LANGUAGE_STANDARD = "gnu++14";
				CLANG_CXX_LIBRARY = "libc++";
				CLANG_ENABLE_MODULES = YES;
				CLANG_ENABLE_OBJC_ARC = YES;
				CLANG_ENABLE_OBJC_WEAK = YES;
				CLANG_WARN_BLOCK_CAPTURE_AUTORELEASING = YES;
				CLANG_WARN_BOOL_CONVERSION = YES;
				CLANG_WARN_COMMA = YES;
				CLANG_WARN_CONSTANT_CONVERSION = YES;
				CLANG_WARN_DEPRECATED_OBJC_IMPLEMENTATIONS = YES;
				CLANG_WARN_DIRECT_OBJC_ISA_USAGE = YES_ERROR;
				CLANG_WARN_DOCUMENTATION_COMMENTS = YES;
				CLANG_WARN_EMPTY_BODY = YES;
				CLANG_WARN_ENUM_CONVERSION = YES;
				CLANG_WARN_INFINITE_RECURSION = YES;
				CLANG_WARN_INT_CONVERSION = YES;
				CLANG_WARN_NON_LITERAL_NULL_CONVERSION = YES;
				CLANG_WARN_OBJC_IMPLICIT_RETAIN_SELF = YES;
				CLANG_WARN_OBJC_LITERAL_CONVERSION = YES;
				CLANG_WARN_OBJC_ROOT_CLASS = YES_ERROR;
				CLANG_WARN_RANGE_LOOP_ANALYSIS = YES;
				CLANG_WARN_STRICT_PROTOTYPES = YES;
				CLANG_WARN_SUSPICIOUS_MOVE = YES;
				CLANG_WARN_UNGUARDED_AVAILABILITY = YES_AGGRESSIVE;
				CLANG_WARN_UNREACHABLE_CODE = YES;
				CLANG_WARN__DUPLICATE_METHOD_MATCH = YES;
				CODE_SIGN_IDENTITY = "iPhone Developer";
				COPY_PHASE_STRIP = NO;
				DEBUG_INFORMATION_FORMAT = "dwarf-with-dsym";
				ENABLE_NS_ASSERTIONS = NO;
				ENABLE_STRICT_OBJC_MSGSEND = YES;
				GCC_C_LANGUAGE_STANDARD = gnu11;
				GCC_NO_COMMON_BLOCKS = YES;
				GCC_WARN_64_TO_32_BIT_CONVERSION = YES;
				GCC_WARN_ABOUT_RETURN_TYPE = YES_ERROR;
				GCC_WARN_UNDECLARED_SELECTOR = YES;
				GCC_WARN_UNINITIALIZED_AUTOS = YES_AGGRESSIVE;
				GCC_WARN_UNUSED_FUNCTION = YES;
				GCC_WARN_UNUSED_VARIABLE = YES;
				IPHONEOS_DEPLOYMENT_TARGET = 12.1;
				MTL_ENABLE_DEBUG_INFO = NO;
				MTL_FAST_MATH = YES;
				SDKROOT = iphoneos;
				VALIDATE_PRODUCT = YES;
			};
			name = Release;
		};
		317C266022FAF7BD0034EACE /* Debug */ = {
			isa = XCBuildConfiguration;
			buildSettings = {
				ASSETCATALOG_COMPILER_APPICON_NAME = AppIcon;
				CODE_SIGN_STYLE = Automatic;
				DEVELOPMENT_TEAM = KJ83N4RBD7;
				INFOPLIST_FILE = MapTask/Info.plist;
				IPHONEOS_DEPLOYMENT_TARGET = 11.1;
				LD_RUNPATH_SEARCH_PATHS = (
					"$(inherited)",
					"@executable_path/Frameworks",
				);
				PRODUCT_BUNDLE_IDENTIFIER = agnitio.MapTask;
				PRODUCT_NAME = "$(TARGET_NAME)";
				TARGETED_DEVICE_FAMILY = "1,2";
			};
			name = Debug;
		};
		317C266122FAF7BD0034EACE /* Release */ = {
			isa = XCBuildConfiguration;
			buildSettings = {
				ASSETCATALOG_COMPILER_APPICON_NAME = AppIcon;
				CODE_SIGN_STYLE = Automatic;
				DEVELOPMENT_TEAM = KJ83N4RBD7;
				INFOPLIST_FILE = MapTask/Info.plist;
				IPHONEOS_DEPLOYMENT_TARGET = 11.1;
				LD_RUNPATH_SEARCH_PATHS = (
					"$(inherited)",
					"@executable_path/Frameworks",
				);
				PRODUCT_BUNDLE_IDENTIFIER = agnitio.MapTask;
				PRODUCT_NAME = "$(TARGET_NAME)";
				TARGETED_DEVICE_FAMILY = "1,2";
			};
			name = Release;
		};
/* End XCBuildConfiguration section */

/* Begin XCConfigurationList section */
		317C264422FAF7B10034EACE /* Build configuration list for PBXProject "MapTask" */ = {
			isa = XCConfigurationList;
			buildConfigurations = (
				317C265D22FAF7BD0034EACE /* Debug */,
				317C265E22FAF7BD0034EACE /* Release */,
			);
			defaultConfigurationIsVisible = 0;
			defaultConfigurationName = Release;
		};
		317C265F22FAF7BD0034EACE /* Build configuration list for PBXNativeTarget "MapTask" */ = {
			isa = XCConfigurationList;
			buildConfigurations = (
				317C266022FAF7BD0034EACE /* Debug */,
				317C266122FAF7BD0034EACE /* Release */,
			);
			defaultConfigurationIsVisible = 0;
			defaultConfigurationName = Release;
		};
/* End XCConfigurationList section */
	};
	rootObject = 317C264122FAF7B10034EACE /* Project object */;
}
